// !$*UTF8*$!
{
	archiveVersion = 1;
	classes = {
	};
	objectVersion = 46;
	objects = {

/* Begin PBXBuildFile section */
		CB1075841BF2862900169013 /* AppDelegate.m in Sources */ = {isa = PBXBuildFile; fileRef = CB1075831BF2862900169013 /* AppDelegate.m */; };
		CB1075871BF2862900169013 /* main.m in Sources */ = {isa = PBXBuildFile; fileRef = CB1075861BF2862900169013 /* main.m */; };
		CB10758A1BF2862900169013 /* ViewController.m in Sources */ = {isa = PBXBuildFile; fileRef = CB1075891BF2862900169013 /* ViewController.m */; };
		CB10758C1BF2862900169013 /* Assets.xcassets in Resources */ = {isa = PBXBuildFile; fileRef = CB10758B1BF2862900169013 /* Assets.xcassets */; };
		CB10758F1BF2862900169013 /* Main.storyboard in Resources */ = {isa = PBXBuildFile; fileRef = CB10758D1BF2862900169013 /* Main.storyboard */; };
		CB1075981BF2878900169013 /* BaseOpenGLView.m in Sources */ = {isa = PBXBuildFile; fileRef = CB1075971BF2878900169013 /* BaseOpenGLView.m */; };
		CB8B65AB1BF6762200307444 /* Chapter_5_MiniCube.m in Sources */ = {isa = PBXBuildFile; fileRef = CB8B65AA1BF6762200307444 /* Chapter_5_MiniCube.m */; };
		CB8B65AD1BF6765200307444 /* cube_vertex.glsl in Resources */ = {isa = PBXBuildFile; fileRef = CB8B65AC1BF6765200307444 /* cube_vertex.glsl */; };
		CB8B65AF1BF6765B00307444 /* cube_fragment.glsl in Resources */ = {isa = PBXBuildFile; fileRef = CB8B65AE1BF6765B00307444 /* cube_fragment.glsl */; };
		CB8B65B71BF67D9F00307444 /* Chapter_7_Cube.m in Sources */ = {isa = PBXBuildFile; fileRef = CB8B65B61BF67D9F00307444 /* Chapter_7_Cube.m */; };
		CB8B65BA1BF68DF400307444 /* Chapter_7_Rectangles.m in Sources */ = {isa = PBXBuildFile; fileRef = CB8B65B91BF68DF400307444 /* Chapter_7_Rectangles.m */; };
		CB8B65BD1BF692A600307444 /* rectangle_vertex.glsl in Resources */ = {isa = PBXBuildFile; fileRef = CB8B65BC1BF692A600307444 /* rectangle_vertex.glsl */; };
		CB8B65BF1BF692B300307444 /* rectangle_fragment.glsl in Resources */ = {isa = PBXBuildFile; fileRef = CB8B65BE1BF692B300307444 /* rectangle_fragment.glsl */; };
		CB8B65C21BF6D34900307444 /* Chapter_7_Asteroids.m in Sources */ = {isa = PBXBuildFile; fileRef = CB8B65C11BF6D34900307444 /* Chapter_7_Asteroids.m */; };
		CB8B65C51BF6D78200307444 /* sb6object.cpp in Sources */ = {isa = PBXBuildFile; fileRef = CB8B65C31BF6D78200307444 /* sb6object.cpp */; };
		CB8B65C61BF6D78200307444 /* sb6shader.cpp in Sources */ = {isa = PBXBuildFile; fileRef = CB8B65C41BF6D78200307444 /* sb6shader.cpp */; };
		CBA391B01BF2A01300EECA64 /* Chapter_2_View.m in Sources */ = {isa = PBXBuildFile; fileRef = CBA391AF1BF2A01300EECA64 /* Chapter_2_View.m */; };
		CBC0A58F1BF3E63B00444605 /* sb6ktx.cpp in Sources */ = {isa = PBXBuildFile; fileRef = CBC0A58E1BF3E63B00444605 /* sb6ktx.cpp */; };
		CBC0A5921BF3EABC00444605 /* OpenGL.framework in Frameworks */ = {isa = PBXBuildFile; fileRef = CBC0A5911BF3EABC00444605 /* OpenGL.framework */; };
		CBC0A5941BF3EAC100444605 /* Cocoa.framework in Frameworks */ = {isa = PBXBuildFile; fileRef = CBC0A5931BF3EAC100444605 /* Cocoa.framework */; };
		CBC0A5981BF3EB3300444605 /* CoreVideo.framework in Frameworks */ = {isa = PBXBuildFile; fileRef = CBC0A5971BF3EB3300444605 /* CoreVideo.framework */; };
		CBC0A59A1BF3EC8B00444605 /* media in Resources */ = {isa = PBXBuildFile; fileRef = CBC0A5991BF3EC8B00444605 /* media */; };
		CBC0A59D1BF3ECCF00444605 /* Chapter_5_AlienRainView.m in Sources */ = {isa = PBXBuildFile; fileRef = CBC0A59C1BF3ECCF00444605 /* Chapter_5_AlienRainView.m */; };
		CBC0A5D21BF4FB5100444605 /* alien_vertex.glsl in Resources */ = {isa = PBXBuildFile; fileRef = CBC0A5D01BF4FB5100444605 /* alien_vertex.glsl */; };
		CBC0A5D31BF4FB5100444605 /* alien_fragment.glsl in Resources */ = {isa = PBXBuildFile; fileRef = CBC0A5D11BF4FB5100444605 /* alien_fragment.glsl */; };
		CBF080181C1789AE00D11F81 /* Chapter_8_Tessmodes.m in Sources */ = {isa = PBXBuildFile; fileRef = CBF080171C1789AE00D11F81 /* Chapter_8_Tessmodes.m */; };
		CBF0801B1C178A7000D11F81 /* tessmodes_vs.glsl in Resources */ = {isa = PBXBuildFile; fileRef = CBF0801A1C178A7000D11F81 /* tessmodes_vs.glsl */; };
		CBF0801D1C178A7A00D11F81 /* tessmodes_tcs_triangles.glsl in Resources */ = {isa = PBXBuildFile; fileRef = CBF0801C1C178A7A00D11F81 /* tessmodes_tcs_triangles.glsl */; };
		CBF0801F1C178A8600D11F81 /* tessmodes_tes_triangles.glsl in Resources */ = {isa = PBXBuildFile; fileRef = CBF0801E1C178A8600D11F81 /* tessmodes_tes_triangles.glsl */; };
		CBF080231C178C4E00D11F81 /* tessmodes_tes_triangles_points.glsl in Resources */ = {isa = PBXBuildFile; fileRef = CBF080221C178C4E00D11F81 /* tessmodes_tes_triangles_points.glsl */; };
		CBF080251C178CD900D11F81 /* tessmodes_tcs_quads.glsl in Resources */ = {isa = PBXBuildFile; fileRef = CBF080241C178CD900D11F81 /* tessmodes_tcs_quads.glsl */; };
		CBF080271C178D7C00D11F81 /* tessmodes_tes_quads.glsl in Resources */ = {isa = PBXBuildFile; fileRef = CBF080261C178D7C00D11F81 /* tessmodes_tes_quads.glsl */; };
		CBF080291C178E0B00D11F81 /* tessmodes_tcs_isolines.glsl in Resources */ = {isa = PBXBuildFile; fileRef = CBF080281C178E0B00D11F81 /* tessmodes_tcs_isolines.glsl */; };
		CBF0802B1C178E8A00D11F81 /* tessmodes_tes_isolines.glsl in Resources */ = {isa = PBXBuildFile; fileRef = CBF0802A1C178E8A00D11F81 /* tessmodes_tes_isolines.glsl */; };
		CBF0802D1C178F0100D11F81 /* tessmodes_fs.glsl in Resources */ = {isa = PBXBuildFile; fileRef = CBF0802C1C178F0100D11F81 /* tessmodes_fs.glsl */; };
		CBF995AE1BFF68B70045C4DC /* Chapter_7_Springmass.m in Sources */ = {isa = PBXBuildFile; fileRef = CBF995AD1BFF68B70045C4DC /* Chapter_7_Springmass.m */; };
/* End PBXBuildFile section */

/* Begin PBXFileReference section */
		CB10757F1BF2862900169013 /* Obj-C OpenGL.app */ = {isa = PBXFileReference; explicitFileType = wrapper.application; includeInIndex = 0; path = "Obj-C OpenGL.app"; sourceTree = BUILT_PRODUCTS_DIR; };
		CB1075821BF2862900169013 /* AppDelegate.h */ = {isa = PBXFileReference; lastKnownFileType = sourcecode.c.h; path = AppDelegate.h; sourceTree = "<group>"; };
		CB1075831BF2862900169013 /* AppDelegate.m */ = {isa = PBXFileReference; lastKnownFileType = sourcecode.c.objc; path = AppDelegate.m; sourceTree = "<group>"; };
		CB1075861BF2862900169013 /* main.m */ = {isa = PBXFileReference; lastKnownFileType = sourcecode.c.objc; path = main.m; sourceTree = "<group>"; };
		CB1075881BF2862900169013 /* ViewController.h */ = {isa = PBXFileReference; lastKnownFileType = sourcecode.c.h; path = ViewController.h; sourceTree = "<group>"; };
		CB1075891BF2862900169013 /* ViewController.m */ = {isa = PBXFileReference; lastKnownFileType = sourcecode.c.objc; path = ViewController.m; sourceTree = "<group>"; };
		CB10758B1BF2862900169013 /* Assets.xcassets */ = {isa = PBXFileReference; lastKnownFileType = folder.assetcatalog; path = Assets.xcassets; sourceTree = "<group>"; };
		CB10758E1BF2862900169013 /* Base */ = {isa = PBXFileReference; lastKnownFileType = file.storyboard; name = Base; path = Base.lproj/Main.storyboard; sourceTree = "<group>"; };
		CB1075901BF2862900169013 /* Info.plist */ = {isa = PBXFileReference; lastKnownFileType = text.plist.xml; path = Info.plist; sourceTree = "<group>"; };
		CB1075961BF2878900169013 /* BaseOpenGLView.h */ = {isa = PBXFileReference; fileEncoding = 4; lastKnownFileType = sourcecode.c.h; path = BaseOpenGLView.h; sourceTree = "<group>"; };
		CB1075971BF2878900169013 /* BaseOpenGLView.m */ = {isa = PBXFileReference; fileEncoding = 4; lastKnownFileType = sourcecode.c.objc; path = BaseOpenGLView.m; sourceTree = "<group>"; };
		CB8B65A91BF6762200307444 /* Chapter_5_MiniCube.h */ = {isa = PBXFileReference; fileEncoding = 4; lastKnownFileType = sourcecode.c.h; path = Chapter_5_MiniCube.h; sourceTree = "<group>"; };
		CB8B65AA1BF6762200307444 /* Chapter_5_MiniCube.m */ = {isa = PBXFileReference; fileEncoding = 4; lastKnownFileType = sourcecode.c.objc; path = Chapter_5_MiniCube.m; sourceTree = "<group>"; };
		CB8B65AC1BF6765200307444 /* cube_vertex.glsl */ = {isa = PBXFileReference; fileEncoding = 4; lastKnownFileType = text; path = cube_vertex.glsl; sourceTree = "<group>"; };
		CB8B65AE1BF6765B00307444 /* cube_fragment.glsl */ = {isa = PBXFileReference; fileEncoding = 4; lastKnownFileType = text; path = cube_fragment.glsl; sourceTree = "<group>"; };
		CB8B65B51BF67D9F00307444 /* Chapter_7_Cube.h */ = {isa = PBXFileReference; fileEncoding = 4; lastKnownFileType = sourcecode.c.h; path = Chapter_7_Cube.h; sourceTree = "<group>"; };
		CB8B65B61BF67D9F00307444 /* Chapter_7_Cube.m */ = {isa = PBXFileReference; fileEncoding = 4; lastKnownFileType = sourcecode.c.objc; path = Chapter_7_Cube.m; sourceTree = "<group>"; };
		CB8B65B81BF68DF400307444 /* Chapter_7_Rectangles.h */ = {isa = PBXFileReference; fileEncoding = 4; lastKnownFileType = sourcecode.c.h; path = Chapter_7_Rectangles.h; sourceTree = "<group>"; };
		CB8B65B91BF68DF400307444 /* Chapter_7_Rectangles.m */ = {isa = PBXFileReference; fileEncoding = 4; lastKnownFileType = sourcecode.c.objc; path = Chapter_7_Rectangles.m; sourceTree = "<group>"; };
		CB8B65BC1BF692A600307444 /* rectangle_vertex.glsl */ = {isa = PBXFileReference; fileEncoding = 4; lastKnownFileType = text; path = rectangle_vertex.glsl; sourceTree = "<group>"; };
		CB8B65BE1BF692B300307444 /* rectangle_fragment.glsl */ = {isa = PBXFileReference; fileEncoding = 4; lastKnownFileType = text; path = rectangle_fragment.glsl; sourceTree = "<group>"; };
		CB8B65C01BF6D34900307444 /* Chapter_7_Asteroids.h */ = {isa = PBXFileReference; fileEncoding = 4; lastKnownFileType = sourcecode.c.h; path = Chapter_7_Asteroids.h; sourceTree = "<group>"; };
		CB8B65C11BF6D34900307444 /* Chapter_7_Asteroids.m */ = {isa = PBXFileReference; fileEncoding = 4; lastKnownFileType = sourcecode.c.objc; path = Chapter_7_Asteroids.m; sourceTree = "<group>"; };
		CB8B65C31BF6D78200307444 /* sb6object.cpp */ = {isa = PBXFileReference; fileEncoding = 4; lastKnownFileType = sourcecode.cpp.cpp; path = sb6object.cpp; sourceTree = "<group>"; };
		CB8B65C41BF6D78200307444 /* sb6shader.cpp */ = {isa = PBXFileReference; fileEncoding = 4; lastKnownFileType = sourcecode.cpp.cpp; path = sb6shader.cpp; sourceTree = "<group>"; };
		CB8B65C71BF6D86200307444 /* object.h */ = {isa = PBXFileReference; lastKnownFileType = sourcecode.c.h; path = object.h; sourceTree = "<group>"; };
		CB8B65C81BF6D8C200307444 /* sb6mfile.h */ = {isa = PBXFileReference; lastKnownFileType = sourcecode.c.h; path = sb6mfile.h; sourceTree = "<group>"; };
		CBA391AE1BF2A01300EECA64 /* Chapter_2_View.h */ = {isa = PBXFileReference; fileEncoding = 4; lastKnownFileType = sourcecode.c.h; path = Chapter_2_View.h; sourceTree = "<group>"; };
		CBA391AF1BF2A01300EECA64 /* Chapter_2_View.m */ = {isa = PBXFileReference; fileEncoding = 4; lastKnownFileType = sourcecode.c.objc; path = Chapter_2_View.m; sourceTree = "<group>"; };
		CBC0A58E1BF3E63B00444605 /* sb6ktx.cpp */ = {isa = PBXFileReference; fileEncoding = 4; lastKnownFileType = sourcecode.cpp.cpp; path = sb6ktx.cpp; sourceTree = "<group>"; };
		CBC0A5901BF3E71F00444605 /* sb6ktx.h */ = {isa = PBXFileReference; explicitFileType = sourcecode.cpp.h; path = sb6ktx.h; sourceTree = "<group>"; };
		CBC0A5911BF3EABC00444605 /* OpenGL.framework */ = {isa = PBXFileReference; lastKnownFileType = wrapper.framework; name = OpenGL.framework; path = System/Library/Frameworks/OpenGL.framework; sourceTree = SDKROOT; };
		CBC0A5931BF3EAC100444605 /* Cocoa.framework */ = {isa = PBXFileReference; lastKnownFileType = wrapper.framework; name = Cocoa.framework; path = System/Library/Frameworks/Cocoa.framework; sourceTree = SDKROOT; };
		CBC0A5971BF3EB3300444605 /* CoreVideo.framework */ = {isa = PBXFileReference; lastKnownFileType = wrapper.framework; name = CoreVideo.framework; path = System/Library/Frameworks/CoreVideo.framework; sourceTree = SDKROOT; };
		CBC0A5991BF3EC8B00444605 /* media */ = {isa = PBXFileReference; lastKnownFileType = folder; path = media; sourceTree = "<group>"; };
		CBC0A59B1BF3ECCF00444605 /* Chapter_5_AlienRainView.h */ = {isa = PBXFileReference; fileEncoding = 4; lastKnownFileType = sourcecode.c.h; path = Chapter_5_AlienRainView.h; sourceTree = "<group>"; };
		CBC0A59C1BF3ECCF00444605 /* Chapter_5_AlienRainView.m */ = {isa = PBXFileReference; fileEncoding = 4; lastKnownFileType = sourcecode.c.objc; path = Chapter_5_AlienRainView.m; sourceTree = "<group>"; };
		CBC0A59F1BF3EE7E00444605 /* vmath.h */ = {isa = PBXFileReference; lastKnownFileType = sourcecode.c.h; path = vmath.h; sourceTree = "<group>"; };
		CBC0A5D01BF4FB5100444605 /* alien_vertex.glsl */ = {isa = PBXFileReference; fileEncoding = 4; lastKnownFileType = text; path = alien_vertex.glsl; sourceTree = "<group>"; };
		CBC0A5D11BF4FB5100444605 /* alien_fragment.glsl */ = {isa = PBXFileReference; fileEncoding = 4; lastKnownFileType = text; path = alien_fragment.glsl; sourceTree = "<group>"; };
		CBF080161C1789AE00D11F81 /* Chapter_8_Tessmodes.h */ = {isa = PBXFileReference; fileEncoding = 4; lastKnownFileType = sourcecode.c.h; path = Chapter_8_Tessmodes.h; sourceTree = "<group>"; };
		CBF080171C1789AE00D11F81 /* Chapter_8_Tessmodes.m */ = {isa = PBXFileReference; fileEncoding = 4; lastKnownFileType = sourcecode.c.objc; path = Chapter_8_Tessmodes.m; sourceTree = "<group>"; };
		CBF0801A1C178A7000D11F81 /* tessmodes_vs.glsl */ = {isa = PBXFileReference; fileEncoding = 4; lastKnownFileType = text; path = tessmodes_vs.glsl; sourceTree = "<group>"; };
		CBF0801C1C178A7A00D11F81 /* tessmodes_tcs_triangles.glsl */ = {isa = PBXFileReference; fileEncoding = 4; lastKnownFileType = text; path = tessmodes_tcs_triangles.glsl; sourceTree = "<group>"; };
		CBF0801E1C178A8600D11F81 /* tessmodes_tes_triangles.glsl */ = {isa = PBXFileReference; fileEncoding = 4; lastKnownFileType = text; path = tessmodes_tes_triangles.glsl; sourceTree = "<group>"; };
		CBF080221C178C4E00D11F81 /* tessmodes_tes_triangles_points.glsl */ = {isa = PBXFileReference; fileEncoding = 4; lastKnownFileType = text; name = tessmodes_tes_triangles_points.glsl; path = ../tessmodes_tes_triangles_points.glsl; sourceTree = "<group>"; };
		CBF080241C178CD900D11F81 /* tessmodes_tcs_quads.glsl */ = {isa = PBXFileReference; fileEncoding = 4; lastKnownFileType = text; path = tessmodes_tcs_quads.glsl; sourceTree = "<group>"; };
		CBF080261C178D7C00D11F81 /* tessmodes_tes_quads.glsl */ = {isa = PBXFileReference; fileEncoding = 4; lastKnownFileType = text; path = tessmodes_tes_quads.glsl; sourceTree = "<group>"; };
		CBF080281C178E0B00D11F81 /* tessmodes_tcs_isolines.glsl */ = {isa = PBXFileReference; fileEncoding = 4; lastKnownFileType = text; path = tessmodes_tcs_isolines.glsl; sourceTree = "<group>"; };
		CBF0802A1C178E8A00D11F81 /* tessmodes_tes_isolines.glsl */ = {isa = PBXFileReference; fileEncoding = 4; lastKnownFileType = text; path = tessmodes_tes_isolines.glsl; sourceTree = "<group>"; };
		CBF0802C1C178F0100D11F81 /* tessmodes_fs.glsl */ = {isa = PBXFileReference; fileEncoding = 4; lastKnownFileType = text; path = tessmodes_fs.glsl; sourceTree = "<group>"; };
		CBF995AC1BFF68B70045C4DC /* Chapter_7_Springmass.h */ = {isa = PBXFileReference; fileEncoding = 4; lastKnownFileType = sourcecode.c.h; path = Chapter_7_Springmass.h; sourceTree = "<group>"; };
		CBF995AD1BFF68B70045C4DC /* Chapter_7_Springmass.m */ = {isa = PBXFileReference; fileEncoding = 4; lastKnownFileType = sourcecode.c.objc; path = Chapter_7_Springmass.m; sourceTree = "<group>"; };
/* End PBXFileReference section */

/* Begin PBXFrameworksBuildPhase section */
		CB10757C1BF2862900169013 /* Frameworks */ = {
			isa = PBXFrameworksBuildPhase;
			buildActionMask = 2147483647;
			files = (
				CBC0A5981BF3EB3300444605 /* CoreVideo.framework in Frameworks */,
				CBC0A5941BF3EAC100444605 /* Cocoa.framework in Frameworks */,
				CBC0A5921BF3EABC00444605 /* OpenGL.framework in Frameworks */,
			);
			runOnlyForDeploymentPostprocessing = 0;
		};
/* End PBXFrameworksBuildPhase section */

/* Begin PBXGroup section */
		CB1075761BF2862900169013 = {
			isa = PBXGroup;
			children = (
				CB1075811BF2862900169013 /* Obj-C OpenGL */,
				CB1075801BF2862900169013 /* Products */,
			);
			sourceTree = "<group>";
		};
		CB1075801BF2862900169013 /* Products */ = {
			isa = PBXGroup;
			children = (
				CB10757F1BF2862900169013 /* Obj-C OpenGL.app */,
			);
			name = Products;
			sourceTree = "<group>";
		};
		CB1075811BF2862900169013 /* Obj-C OpenGL */ = {
			isa = PBXGroup;
			children = (
				CB8B65B11BF67D4300307444 /* Chapters */,
				CB10758D1BF2862900169013 /* Main.storyboard */,
				CB8D35AF1BF5247000DE4754 /* Chapter Shaders */,
				CB8D35AE1BF5245C00DE4754 /* sb6 Files */,
				CB1075851BF2862900169013 /* Supporting Files */,
				CBC0A59E1BF3ECDC00444605 /* Frameworks */,
			);
			path = "Obj-C OpenGL";
			sourceTree = "<group>";
		};
		CB1075851BF2862900169013 /* Supporting Files */ = {
			isa = PBXGroup;
			children = (
				CB1075821BF2862900169013 /* AppDelegate.h */,
				CB1075831BF2862900169013 /* AppDelegate.m */,
				CB1075961BF2878900169013 /* BaseOpenGLView.h */,
				CB1075971BF2878900169013 /* BaseOpenGLView.m */,
				CB1075881BF2862900169013 /* ViewController.h */,
				CB1075891BF2862900169013 /* ViewController.m */,
				CB1075861BF2862900169013 /* main.m */,
				CB1075901BF2862900169013 /* Info.plist */,
				CB10758B1BF2862900169013 /* Assets.xcassets */,
			);
			name = "Supporting Files";
			sourceTree = "<group>";
		};
		CB8B65B01BF67AD500307444 /* Chapter 5 */ = {
			isa = PBXGroup;
			children = (
				CBC0A5D01BF4FB5100444605 /* alien_vertex.glsl */,
				CBC0A5D11BF4FB5100444605 /* alien_fragment.glsl */,
				CB8B65AC1BF6765200307444 /* cube_vertex.glsl */,
				CB8B65AE1BF6765B00307444 /* cube_fragment.glsl */,
			);
			name = "Chapter 5";
			sourceTree = "<group>";
		};
		CB8B65B11BF67D4300307444 /* Chapters */ = {
			isa = PBXGroup;
			children = (
				CB8B65B41BF67D6A00307444 /* Chapter 2 */,
				CB8B65B21BF67D4B00307444 /* Chapter 5 */,
				CB8B65B31BF67D5100307444 /* Chapter 7 */,
				CBF080121C1788EF00D11F81 /* Chapter 8 */,
			);
			name = Chapters;
			sourceTree = "<group>";
		};
		CB8B65B21BF67D4B00307444 /* Chapter 5 */ = {
			isa = PBXGroup;
			children = (
				CBC0A59B1BF3ECCF00444605 /* Chapter_5_AlienRainView.h */,
				CBC0A59C1BF3ECCF00444605 /* Chapter_5_AlienRainView.m */,
				CB8B65A91BF6762200307444 /* Chapter_5_MiniCube.h */,
				CB8B65AA1BF6762200307444 /* Chapter_5_MiniCube.m */,
			);
			name = "Chapter 5";
			sourceTree = "<group>";
		};
		CB8B65B31BF67D5100307444 /* Chapter 7 */ = {
			isa = PBXGroup;
			children = (
				CB8B65B51BF67D9F00307444 /* Chapter_7_Cube.h */,
				CB8B65B61BF67D9F00307444 /* Chapter_7_Cube.m */,
				CB8B65B81BF68DF400307444 /* Chapter_7_Rectangles.h */,
				CB8B65B91BF68DF400307444 /* Chapter_7_Rectangles.m */,
				CB8B65C01BF6D34900307444 /* Chapter_7_Asteroids.h */,
				CB8B65C11BF6D34900307444 /* Chapter_7_Asteroids.m */,
				CBF995AC1BFF68B70045C4DC /* Chapter_7_Springmass.h */,
				CBF995AD1BFF68B70045C4DC /* Chapter_7_Springmass.m */,
			);
			name = "Chapter 7";
			sourceTree = "<group>";
		};
		CB8B65B41BF67D6A00307444 /* Chapter 2 */ = {
			isa = PBXGroup;
			children = (
				CBA391AE1BF2A01300EECA64 /* Chapter_2_View.h */,
				CBA391AF1BF2A01300EECA64 /* Chapter_2_View.m */,
			);
			name = "Chapter 2";
			sourceTree = "<group>";
		};
		CB8B65BB1BF6928F00307444 /* Chapter 7 */ = {
			isa = PBXGroup;
			children = (
				CB8B65BC1BF692A600307444 /* rectangle_vertex.glsl */,
				CB8B65BE1BF692B300307444 /* rectangle_fragment.glsl */,
			);
			name = "Chapter 7";
			sourceTree = "<group>";
		};
		CB8D35AE1BF5245C00DE4754 /* sb6 Files */ = {
			isa = PBXGroup;
			children = (
				CBC0A5991BF3EC8B00444605 /* media */,
				CBC0A5901BF3E71F00444605 /* sb6ktx.h */,
				CB8B65C81BF6D8C200307444 /* sb6mfile.h */,
				CB8B65C71BF6D86200307444 /* object.h */,
				CBC0A59F1BF3EE7E00444605 /* vmath.h */,
				CBC0A58E1BF3E63B00444605 /* sb6ktx.cpp */,
				CB8B65C31BF6D78200307444 /* sb6object.cpp */,
				CB8B65C41BF6D78200307444 /* sb6shader.cpp */,
			);
			name = "sb6 Files";
			sourceTree = "<group>";
		};
		CB8D35AF1BF5247000DE4754 /* Chapter Shaders */ = {
			isa = PBXGroup;
			children = (
				CB8B65B01BF67AD500307444 /* Chapter 5 */,
				CB8B65BB1BF6928F00307444 /* Chapter 7 */,
				CBF080191C178A4200D11F81 /* Chapter 8 */,
			);
			name = "Chapter Shaders";
			sourceTree = "<group>";
		};
		CBC0A59E1BF3ECDC00444605 /* Frameworks */ = {
			isa = PBXGroup;
			children = (
				CBC0A5971BF3EB3300444605 /* CoreVideo.framework */,
				CBC0A5931BF3EAC100444605 /* Cocoa.framework */,
				CBC0A5911BF3EABC00444605 /* OpenGL.framework */,
			);
			name = Frameworks;
			sourceTree = "<group>";
		};
		CBF080121C1788EF00D11F81 /* Chapter 8 */ = {
			isa = PBXGroup;
			children = (
				CBF080161C1789AE00D11F81 /* Chapter_8_Tessmodes.h */,
				CBF080171C1789AE00D11F81 /* Chapter_8_Tessmodes.m */,
			);
			name = "Chapter 8";
			sourceTree = "<group>";
		};
		CBF080191C178A4200D11F81 /* Chapter 8 */ = {
			isa = PBXGroup;
			children = (
				CBF0801A1C178A7000D11F81 /* tessmodes_vs.glsl */,
				CBF0802C1C178F0100D11F81 /* tessmodes_fs.glsl */,
				CBF0801C1C178A7A00D11F81 /* tessmodes_tcs_triangles.glsl */,
				CBF0801E1C178A8600D11F81 /* tessmodes_tes_triangles.glsl */,
				CBF080221C178C4E00D11F81 /* tessmodes_tes_triangles_points.glsl */,
				CBF080241C178CD900D11F81 /* tessmodes_tcs_quads.glsl */,
				CBF080261C178D7C00D11F81 /* tessmodes_tes_quads.glsl */,
				CBF080281C178E0B00D11F81 /* tessmodes_tcs_isolines.glsl */,
				CBF0802A1C178E8A00D11F81 /* tessmodes_tes_isolines.glsl */,
			);
			name = "Chapter 8";
			sourceTree = "<group>";
		};
/* End PBXGroup section */

/* Begin PBXNativeTarget section */
		CB10757E1BF2862900169013 /* Obj-C OpenGL */ = {
			isa = PBXNativeTarget;
			buildConfigurationList = CB1075931BF2862900169013 /* Build configuration list for PBXNativeTarget "Obj-C OpenGL" */;
			buildPhases = (
				CB10757B1BF2862900169013 /* Sources */,
				CB10757C1BF2862900169013 /* Frameworks */,
				CB10757D1BF2862900169013 /* Resources */,
			);
			buildRules = (
			);
			dependencies = (
			);
			name = "Obj-C OpenGL";
			productName = "Obj-C OpenGL";
			productReference = CB10757F1BF2862900169013 /* Obj-C OpenGL.app */;
			productType = "com.apple.product-type.application";
		};
/* End PBXNativeTarget section */

/* Begin PBXProject section */
		CB1075771BF2862900169013 /* Project object */ = {
			isa = PBXProject;
			attributes = {
				LastUpgradeCheck = 0710;
				ORGANIZATIONNAME = "David Vaughn";
				TargetAttributes = {
					CB10757E1BF2862900169013 = {
						CreatedOnToolsVersion = 7.1.1;
					};
				};
			};
			buildConfigurationList = CB10757A1BF2862900169013 /* Build configuration list for PBXProject "Obj-C OpenGL" */;
			compatibilityVersion = "Xcode 3.2";
			developmentRegion = English;
			hasScannedForEncodings = 0;
			knownRegions = (
				en,
				Base,
			);
			mainGroup = CB1075761BF2862900169013;
			productRefGroup = CB1075801BF2862900169013 /* Products */;
			projectDirPath = "";
			projectRoot = "";
			targets = (
				CB10757E1BF2862900169013 /* Obj-C OpenGL */,
			);
		};
/* End PBXProject section */

/* Begin PBXResourcesBuildPhase section */
		CB10757D1BF2862900169013 /* Resources */ = {
			isa = PBXResourcesBuildPhase;
			buildActionMask = 2147483647;
			files = (
				CBF080291C178E0B00D11F81 /* tessmodes_tcs_isolines.glsl in Resources */,
				CBF0801F1C178A8600D11F81 /* tessmodes_tes_triangles.glsl in Resources */,
				CBF0801D1C178A7A00D11F81 /* tessmodes_tcs_triangles.glsl in Resources */,
				CB8B65AF1BF6765B00307444 /* cube_fragment.glsl in Resources */,
				CBF080271C178D7C00D11F81 /* tessmodes_tes_quads.glsl in Resources */,
				CBC0A59A1BF3EC8B00444605 /* media in Resources */,
				CB10758C1BF2862900169013 /* Assets.xcassets in Resources */,
				CBF080251C178CD900D11F81 /* tessmodes_tcs_quads.glsl in Resources */,
				CBF0802D1C178F0100D11F81 /* tessmodes_fs.glsl in Resources */,
				CB8B65AD1BF6765200307444 /* cube_vertex.glsl in Resources */,
				CBF0802B1C178E8A00D11F81 /* tessmodes_tes_isolines.glsl in Resources */,
				CB8B65BF1BF692B300307444 /* rectangle_fragment.glsl in Resources */,
				CB10758F1BF2862900169013 /* Main.storyboard in Resources */,
				CBF0801B1C178A7000D11F81 /* tessmodes_vs.glsl in Resources */,
				CBC0A5D31BF4FB5100444605 /* alien_fragment.glsl in Resources */,
				CBF080231C178C4E00D11F81 /* tessmodes_tes_triangles_points.glsl in Resources */,
				CBC0A5D21BF4FB5100444605 /* alien_vertex.glsl in Resources */,
				CB8B65BD1BF692A600307444 /* rectangle_vertex.glsl in Resources */,
			);
			runOnlyForDeploymentPostprocessing = 0;
		};
/* End PBXResourcesBuildPhase section */

/* Begin PBXSourcesBuildPhase section */
		CB10757B1BF2862900169013 /* Sources */ = {
			isa = PBXSourcesBuildPhase;
			buildActionMask = 2147483647;
			files = (
				CB8B65B71BF67D9F00307444 /* Chapter_7_Cube.m in Sources */,
				CB8B65C21BF6D34900307444 /* Chapter_7_Asteroids.m in Sources */,
				CB8B65BA1BF68DF400307444 /* Chapter_7_Rectangles.m in Sources */,
				CB1075981BF2878900169013 /* BaseOpenGLView.m in Sources */,
				CB8B65C51BF6D78200307444 /* sb6object.cpp in Sources */,
				CBA391B01BF2A01300EECA64 /* Chapter_2_View.m in Sources */,
				CB10758A1BF2862900169013 /* ViewController.m in Sources */,
				CB1075871BF2862900169013 /* main.m in Sources */,
				CB8B65C61BF6D78200307444 /* sb6shader.cpp in Sources */,
				CB8B65AB1BF6762200307444 /* Chapter_5_MiniCube.m in Sources */,
				CBC0A59D1BF3ECCF00444605 /* Chapter_5_AlienRainView.m in Sources */,
				CB1075841BF2862900169013 /* AppDelegate.m in Sources */,
				CBF995AE1BFF68B70045C4DC /* Chapter_7_Springmass.m in Sources */,
				CBC0A58F1BF3E63B00444605 /* sb6ktx.cpp in Sources */,
				CBF080181C1789AE00D11F81 /* Chapter_8_Tessmodes.m in Sources */,
			);
			runOnlyForDeploymentPostprocessing = 0;
		};
/* End PBXSourcesBuildPhase section */

/* Begin PBXVariantGroup section */
		CB10758D1BF2862900169013 /* Main.storyboard */ = {
			isa = PBXVariantGroup;
			children = (
				CB10758E1BF2862900169013 /* Base */,
			);
			name = Main.storyboard;
			sourceTree = "<group>";
		};
/* End PBXVariantGroup section */

/* Begin XCBuildConfiguration section */
		CB1075911BF2862900169013 /* Debug */ = {
			isa = XCBuildConfiguration;
			buildSettings = {
				ALWAYS_SEARCH_USER_PATHS = NO;
				CLANG_CXX_LANGUAGE_STANDARD = "gnu++0x";
				CLANG_CXX_LIBRARY = "libc++";
				CLANG_ENABLE_MODULES = YES;
				CLANG_ENABLE_OBJC_ARC = YES;
				CLANG_WARN_BOOL_CONVERSION = YES;
				CLANG_WARN_CONSTANT_CONVERSION = YES;
				CLANG_WARN_DIRECT_OBJC_ISA_USAGE = YES_ERROR;
				CLANG_WARN_EMPTY_BODY = YES;
				CLANG_WARN_ENUM_CONVERSION = YES;
				CLANG_WARN_INT_CONVERSION = YES;
				CLANG_WARN_OBJC_ROOT_CLASS = YES_ERROR;
				CLANG_WARN_UNREACHABLE_CODE = YES;
				CLANG_WARN__DUPLICATE_METHOD_MATCH = YES;
				CODE_SIGN_IDENTITY = "-";
				COPY_PHASE_STRIP = NO;
				DEBUG_INFORMATION_FORMAT = dwarf;
				ENABLE_STRICT_OBJC_MSGSEND = YES;
				ENABLE_TESTABILITY = YES;
				GCC_C_LANGUAGE_STANDARD = gnu99;
				GCC_DYNAMIC_NO_PIC = NO;
				GCC_NO_COMMON_BLOCKS = YES;
				GCC_OPTIMIZATION_LEVEL = 0;
				GCC_PREPROCESSOR_DEFINITIONS = (
					"DEBUG=1",
					"$(inherited)",
				);
				GCC_WARN_64_TO_32_BIT_CONVERSION = YES;
				GCC_WARN_ABOUT_RETURN_TYPE = YES_ERROR;
				GCC_WARN_UNDECLARED_SELECTOR = YES;
				GCC_WARN_UNINITIALIZED_AUTOS = YES_AGGRESSIVE;
				GCC_WARN_UNUSED_FUNCTION = YES;
				GCC_WARN_UNUSED_VARIABLE = YES;
				MACOSX_DEPLOYMENT_TARGET = 10.11;
				MTL_ENABLE_DEBUG_INFO = YES;
				ONLY_ACTIVE_ARCH = YES;
				SDKROOT = macosx;
			};
			name = Debug;
		};
		CB1075921BF2862900169013 /* Release */ = {
			isa = XCBuildConfiguration;
			buildSettings = {
				ALWAYS_SEARCH_USER_PATHS = NO;
				CLANG_CXX_LANGUAGE_STANDARD = "gnu++0x";
				CLANG_CXX_LIBRARY = "libc++";
				CLANG_ENABLE_MODULES = YES;
				CLANG_ENABLE_OBJC_ARC = YES;
				CLANG_WARN_BOOL_CONVERSION = YES;
				CLANG_WARN_CONSTANT_CONVERSION = YES;
				CLANG_WARN_DIRECT_OBJC_ISA_USAGE = YES_ERROR;
				CLANG_WARN_EMPTY_BODY = YES;
				CLANG_WARN_ENUM_CONVERSION = YES;
				CLANG_WARN_INT_CONVERSION = YES;
				CLANG_WARN_OBJC_ROOT_CLASS = YES_ERROR;
				CLANG_WARN_UNREACHABLE_CODE = YES;
				CLANG_WARN__DUPLICATE_METHOD_MATCH = YES;
				CODE_SIGN_IDENTITY = "-";
				COPY_PHASE_STRIP = NO;
				DEBUG_INFORMATION_FORMAT = "dwarf-with-dsym";
				ENABLE_NS_ASSERTIONS = NO;
				ENABLE_STRICT_OBJC_MSGSEND = YES;
				GCC_C_LANGUAGE_STANDARD = gnu99;
				GCC_NO_COMMON_BLOCKS = YES;
				GCC_WARN_64_TO_32_BIT_CONVERSION = YES;
				GCC_WARN_ABOUT_RETURN_TYPE = YES_ERROR;
				GCC_WARN_UNDECLARED_SELECTOR = YES;
				GCC_WARN_UNINITIALIZED_AUTOS = YES_AGGRESSIVE;
				GCC_WARN_UNUSED_FUNCTION = YES;
				GCC_WARN_UNUSED_VARIABLE = YES;
				MACOSX_DEPLOYMENT_TARGET = 10.11;
				MTL_ENABLE_DEBUG_INFO = NO;
				SDKROOT = macosx;
			};
			name = Release;
		};
		CB1075941BF2862900169013 /* Debug */ = {
			isa = XCBuildConfiguration;
			buildSettings = {
				ASSETCATALOG_COMPILER_APPICON_NAME = AppIcon;
				COMBINE_HIDPI_IMAGES = YES;
				GCC_INPUT_FILETYPE = sourcecode.cpp.objcpp;
				INFOPLIST_FILE = "Obj-C OpenGL/Info.plist";
				LD_RUNPATH_SEARCH_PATHS = "$(inherited) @executable_path/../Frameworks";
				LIBRARY_SEARCH_PATHS = "$(inherited)";
				PRODUCT_BUNDLE_IDENTIFIER = "com.vigilantestudio.Obj-C-OpenGL";
				PRODUCT_NAME = "$(TARGET_NAME)";
			};
			name = Debug;
		};
		CB1075951BF2862900169013 /* Release */ = {
			isa = XCBuildConfiguration;
			buildSettings = {
				ASSETCATALOG_COMPILER_APPICON_NAME = AppIcon;
				COMBINE_HIDPI_IMAGES = YES;
				GCC_INPUT_FILETYPE = sourcecode.cpp.objcpp;
				INFOPLIST_FILE = "Obj-C OpenGL/Info.plist";
				LD_RUNPATH_SEARCH_PATHS = "$(inherited) @executable_path/../Frameworks";
				LIBRARY_SEARCH_PATHS = "$(inherited)";
				PRODUCT_BUNDLE_IDENTIFIER = "com.vigilantestudio.Obj-C-OpenGL";
				PRODUCT_NAME = "$(TARGET_NAME)";
			};
			name = Release;
		};
/* End XCBuildConfiguration section */

/* Begin XCConfigurationList section */
		CB10757A1BF2862900169013 /* Build configuration list for PBXProject "Obj-C OpenGL" */ = {
			isa = XCConfigurationList;
			buildConfigurations = (
				CB1075911BF2862900169013 /* Debug */,
				CB1075921BF2862900169013 /* Release */,
			);
			defaultConfigurationIsVisible = 0;
			defaultConfigurationName = Release;
		};
		CB1075931BF2862900169013 /* Build configuration list for PBXNativeTarget "Obj-C OpenGL" */ = {
			isa = XCConfigurationList;
			buildConfigurations = (
				CB1075941BF2862900169013 /* Debug */,
				CB1075951BF2862900169013 /* Release */,
			);
			defaultConfigurationIsVisible = 0;
			defaultConfigurationName = Release;
		};
/* End XCConfigurationList section */
	};
	rootObject = CB1075771BF2862900169013 /* Project object */;
}
